
Microsoft Visual Studio Solution File, Format Version 12.00
# Visual Studio Version 17
VisualStudioVersion = 17.11.35222.181
MinimumVisualStudioVersion = 10.0.40219.1
Project("{FAE04EC0-301F-11D3-BF4B-00C04F79EFBC}") = "Data", "Data\Data.csproj", "{72EC2A8D-1D8C-4306-B1A4-E225F65F766A}"
EndProject
Project("{FAE04EC0-301F-11D3-BF4B-00C04F79EFBC}") = "Logic", "Logic\Logic.csproj", "{3704CE1C-785B-4886-81F7-CE855F0B27DD}"
EndProject
Project("{FAE04EC0-301F-11D3-BF4B-00C04F79EFBC}") = "Presentation", "Presentation\Presentation.csproj", "{617FDF4E-1DEC-419C-8AB1-AFB42E939D50}"
EndProject
Global
	GlobalSection(SolutionConfigurationPlatforms) = preSolution
		Debug|Any CPU = Debug|Any CPU
		Release|Any CPU = Release|Any CPU
	EndGlobalSection
	GlobalSection(ProjectConfigurationPlatforms) = postSolution
		{72EC2A8D-1D8C-4306-B1A4-E225F65F766A}.Debug|Any CPU.ActiveCfg = Debug|Any CPU
		{72EC2A8D-1D8C-4306-B1A4-E225F65F766A}.Debug|Any CPU.Build.0 = Debug|Any CPU
		{72EC2A8D-1D8C-4306-B1A4-E225F65F766A}.Release|Any CPU.ActiveCfg = Release|Any CPU
		{72EC2A8D-1D8C-4306-B1A4-E225F65F766A}.Release|Any CPU.Build.0 = Release|Any CPU
		{3704CE1C-785B-4886-81F7-CE855F0B27DD}.Debug|Any CPU.ActiveCfg = Debug|Any CPU
		{3704CE1C-785B-4886-81F7-CE855F0B27DD}.Debug|Any CPU.Build.0 = Debug|Any CPU
		{3704CE1C-785B-4886-81F7-CE855F0B27DD}.Release|Any CPU.ActiveCfg = Release|Any CPU
		{3704CE1C-785B-4886-81F7-CE855F0B27DD}.Release|Any CPU.Build.0 = Release|Any CPU
		{617FDF4E-1DEC-419C-8AB1-AFB42E939D50}.Debug|Any CPU.ActiveCfg = Debug|Any CPU
		{617FDF4E-1DEC-419C-8AB1-AFB42E939D50}.Debug|Any CPU.Build.0 = Debug|Any CPU
		{617FDF4E-1DEC-419C-8AB1-AFB42E939D50}.Release|Any CPU.ActiveCfg = Release|Any CPU
		{617FDF4E-1DEC-419C-8AB1-AFB42E939D50}.Release|Any CPU.Build.0 = Release|Any CPU
	EndGlobalSection
	GlobalSection(SolutionProperties) = preSolution
		HideSolutionNode = FALSE
	EndGlobalSection
	GlobalSection(ExtensibilityGlobals) = postSolution
		SolutionGuid = {11D36B0A-F5FD-4574-8A75-7C802AF3248D}
	EndGlobalSection
EndGlobal
